
Microsoft Visual Studio Solution File, Format Version 12.00
# Visual Studio Version 16
VisualStudioVersion = 16.0.33214.272
MinimumVisualStudioVersion = 10.0.40219.1
Project("{FAE04EC0-301F-11D3-BF4B-00C04F79EFBC}") = "CarRouteWebApplication", "CarRouteWebApplication\CarRouteWebApplication.csproj", "{8AB02624-31E7-4C1A-A268-0507AE9E89E3}"
EndProject
Global
	GlobalSection(SolutionConfigurationPlatforms) = preSolution
		Debug|Any CPU = Debug|Any CPU
		Release|Any CPU = Release|Any CPU
	EndGlobalSection
	GlobalSection(ProjectConfigurationPlatforms) = postSolution
		{8AB02624-31E7-4C1A-A268-0507AE9E89E3}.Debug|Any CPU.ActiveCfg = Debug|Any CPU
		{8AB02624-31E7-4C1A-A268-0507AE9E89E3}.Debug|Any CPU.Build.0 = Debug|Any CPU
		{8AB02624-31E7-4C1A-A268-0507AE9E89E3}.Release|Any CPU.ActiveCfg = Release|Any CPU
		{8AB02624-31E7-4C1A-A268-0507AE9E89E3}.Release|Any CPU.Build.0 = Release|Any CPU
	EndGlobalSection
	GlobalSection(SolutionProperties) = preSolution
		HideSolutionNode = FALSE
	EndGlobalSection
	GlobalSection(ExtensibilityGlobals) = postSolution
		SolutionGuid = {197466A6-DC06-4E73-B004-8B2A9A4B7222}
	EndGlobalSection
EndGlobal
